
Microsoft Visual Studio Solution File, Format Version 12.00
# Visual Studio 15
VisualStudioVersion = 15.0.28307.271
MinimumVisualStudioVersion = 10.0.40219.1
Project("{9A19103F-16F7-4668-BE54-9A1E7A4F7556}") = "Football.Web", "Football.Web\Football.Web.csproj", "{4736E713-DEDF-44BF-AF48-0AD1F3EFAEB7}"
EndProject
Project("{2150E333-8FDC-42A3-9474-1A3956D46DE8}") = "Data", "Data", "{6F294679-E3B3-47B7-9AA7-754086CE09EE}"
EndProject
Project("{2150E333-8FDC-42A3-9474-1A3956D46DE8}") = "Models", "Models", "{CA8694E4-8F7C-41A5-94A7-31D29240EC18}"
EndProject
Project("{9A19103F-16F7-4668-BE54-9A1E7A4F7556}") = "Models.Data", "Models\Models.Data\Models.Data.csproj", "{F0D81B0C-7545-4519-8A12-44B512AA0BAB}"
EndProject
Project("{9A19103F-16F7-4668-BE54-9A1E7A4F7556}") = "Data.Repository", "Data\Data.Repository\Data.Repository.csproj", "{7FAFD87F-CE4D-469F-9635-64D0550E0CEA}"
EndProject
Project("{9A19103F-16F7-4668-BE54-9A1E7A4F7556}") = "Data.DataBaseContext", "Data\Data.DataBaseContext\Data.DataBaseContext.csproj", "{0F3360A2-182E-43E1-ADAC-EC9E54BC96D3}"
EndProject
Project("{9A19103F-16F7-4668-BE54-9A1E7A4F7556}") = "Models.Mapper", "Models\Models.Mapper\Models.Mapper.csproj", "{FE6A4651-E0EC-417A-9884-821CBD361FA8}"
EndProject
Project("{9A19103F-16F7-4668-BE54-9A1E7A4F7556}") = "Football.Core", "Football.Core\Football.Core.csproj", "{5B65D6AB-0165-4954-B3BF-3DDCBBD4CB42}"
EndProject
Project("{9A19103F-16F7-4668-BE54-9A1E7A4F7556}") = "Models.Dto", "Models\Models.Dto\Models.Dto.csproj", "{CDFF262C-C85D-42F1-8725-8C79666ACF58}"
EndProject
Project("{2150E333-8FDC-42A3-9474-1A3956D46DE8}") = "Services", "Services", "{27F4AA67-3423-4CEF-B887-1E241BFE87CE}"
EndProject
Project("{9A19103F-16F7-4668-BE54-9A1E7A4F7556}") = "Models.Notification", "Models\Models.Notification\Models.Notification.csproj", "{BC993553-9ABF-4355-92E4-D1B98634E1B9}"
EndProject
Project("{9A19103F-16F7-4668-BE54-9A1E7A4F7556}") = "Services.Notification", "Services\Services.Notification\Services.Notification.csproj", "{20FC9F14-C6D7-4923-B9E7-D6B9CDE2A2D5}"
EndProject
Project("{9A19103F-16F7-4668-BE54-9A1E7A4F7556}") = "Services.Registration", "Services\Services.Registration\Services.Registration.csproj", "{635DC237-939B-421E-90E1-3485201FB028}"
EndProject
Project("{2150E333-8FDC-42A3-9474-1A3956D46DE8}") = "Tests", "Tests", "{0A9F1638-088D-4526-8FE5-EA1969CB3632}"
EndProject
Project("{9A19103F-16F7-4668-BE54-9A1E7A4F7556}") = "Football.Services.SmtpTests", "Tests\Football.Services.SmtpTests\Football.Services.SmtpTests.csproj", "{659127B5-2B8A-4BFB-9A8A-65C8959B322F}"
EndProject
Project("{9A19103F-16F7-4668-BE54-9A1E7A4F7556}") = "Models.Infrastructure", "Models\Models.Infrastructure\Models.Infrastructure.csproj", "{00D69051-909C-43C9-B25D-A0D0D993BAFF}"
EndProject
Project("{9A19103F-16F7-4668-BE54-9A1E7A4F7556}") = "Services.Identity", "Services\Services.Identity\Services.Identity.csproj", "{35594A02-9841-4425-9227-9FC5E7007BE2}"
EndProject
Project("{9A19103F-16F7-4668-BE54-9A1E7A4F7556}") = "Services.Game", "Services\Services.Game\Services.Game.csproj", "{10A3D678-0153-4FA7-91A9-E606092C6EDD}"
EndProject
Project("{9A19103F-16F7-4668-BE54-9A1E7A4F7556}") = "Football.SQL.Database.Tests", "Tests\Football.SQL.Database.Tests\Football.SQL.Database.Tests.csproj", "{177D7505-0426-4489-8958-3FBD0AD57361}"
EndProject
Project("{9A19103F-16F7-4668-BE54-9A1E7A4F7556}") = "Services.Players", "Services.Players\Services.Players.csproj", "{BFAA76CC-DA46-4F7B-9719-FACE618197E7}"
EndProject
Project("{9A19103F-16F7-4668-BE54-9A1E7A4F7556}") = "Football.Logic.Tests", "Tests\Football.Logic.Tests\Football.Logic.Tests.csproj", "{A55A138D-263D-4D9C-B58A-19171039F64F}"
EndProject
Project("{9A19103F-16F7-4668-BE54-9A1E7A4F7556}") = "Football.Exceptions", "Football.Exceptions\Football.Exceptions.csproj", "{E5BD6615-7431-4E76-97FF-36E8DD7FBE09}"
EndProject
Project("{2150E333-8FDC-42A3-9474-1A3956D46DE8}") = "Chat", "Chat", "{43C0369A-4C1D-4941-A3C6-8E00C4BE2C66}"
EndProject
Project("{9A19103F-16F7-4668-BE54-9A1E7A4F7556}") = "Football.Chat.Models", "Chat\Football.Chat.Models\Football.Chat.Models.csproj", "{761DC3C8-8197-4D00-A434-8455EDCD15EA}"
EndProject
Project("{9A19103F-16F7-4668-BE54-9A1E7A4F7556}") = "Football.Chat.Repository", "Chat\Football.Chat.Repository\Football.Chat.Repository.csproj", "{26F8CC93-0726-4B8A-B7B5-C8C78D9578AD}"
EndProject
Project("{9A19103F-16F7-4668-BE54-9A1E7A4F7556}") = "Football.Chat.Infrastructure", "Chat\Football.Chat.Infrastructure\Football.Chat.Infrastructure.csproj", "{C20B3CB2-425C-4D3A-B270-7FF7C286668F}"
EndProject
Global
	GlobalSection(SolutionConfigurationPlatforms) = preSolution
		Debug|Any CPU = Debug|Any CPU
		Debug|x64 = Debug|x64
		Release|Any CPU = Release|Any CPU
		Release|x64 = Release|x64
	EndGlobalSection
	GlobalSection(ProjectConfigurationPlatforms) = postSolution
		{4736E713-DEDF-44BF-AF48-0AD1F3EFAEB7}.Debug|Any CPU.ActiveCfg = Debug|x64
		{4736E713-DEDF-44BF-AF48-0AD1F3EFAEB7}.Debug|Any CPU.Build.0 = Debug|x64
		{4736E713-DEDF-44BF-AF48-0AD1F3EFAEB7}.Debug|x64.ActiveCfg = Debug|x64
		{4736E713-DEDF-44BF-AF48-0AD1F3EFAEB7}.Debug|x64.Build.0 = Debug|x64
		{4736E713-DEDF-44BF-AF48-0AD1F3EFAEB7}.Release|Any CPU.ActiveCfg = Release|Any CPU
		{4736E713-DEDF-44BF-AF48-0AD1F3EFAEB7}.Release|Any CPU.Build.0 = Release|Any CPU
		{4736E713-DEDF-44BF-AF48-0AD1F3EFAEB7}.Release|x64.ActiveCfg = Release|x64
		{4736E713-DEDF-44BF-AF48-0AD1F3EFAEB7}.Release|x64.Build.0 = Release|x64
		{F0D81B0C-7545-4519-8A12-44B512AA0BAB}.Debug|Any CPU.ActiveCfg = Debug|x64
		{F0D81B0C-7545-4519-8A12-44B512AA0BAB}.Debug|Any CPU.Build.0 = Debug|x64
		{F0D81B0C-7545-4519-8A12-44B512AA0BAB}.Debug|x64.ActiveCfg = Debug|x64
		{F0D81B0C-7545-4519-8A12-44B512AA0BAB}.Debug|x64.Build.0 = Debug|x64
		{F0D81B0C-7545-4519-8A12-44B512AA0BAB}.Release|Any CPU.ActiveCfg = Release|Any CPU
		{F0D81B0C-7545-4519-8A12-44B512AA0BAB}.Release|Any CPU.Build.0 = Release|Any CPU
		{F0D81B0C-7545-4519-8A12-44B512AA0BAB}.Release|x64.ActiveCfg = Release|x64
		{F0D81B0C-7545-4519-8A12-44B512AA0BAB}.Release|x64.Build.0 = Release|x64
		{7FAFD87F-CE4D-469F-9635-64D0550E0CEA}.Debug|Any CPU.ActiveCfg = Debug|x64
		{7FAFD87F-CE4D-469F-9635-64D0550E0CEA}.Debug|Any CPU.Build.0 = Debug|x64
		{7FAFD87F-CE4D-469F-9635-64D0550E0CEA}.Debug|x64.ActiveCfg = Debug|x64
		{7FAFD87F-CE4D-469F-9635-64D0550E0CEA}.Debug|x64.Build.0 = Debug|x64
		{7FAFD87F-CE4D-469F-9635-64D0550E0CEA}.Release|Any CPU.ActiveCfg = Release|Any CPU
		{7FAFD87F-CE4D-469F-9635-64D0550E0CEA}.Release|Any CPU.Build.0 = Release|Any CPU
		{7FAFD87F-CE4D-469F-9635-64D0550E0CEA}.Release|x64.ActiveCfg = Release|Any CPU
		{7FAFD87F-CE4D-469F-9635-64D0550E0CEA}.Release|x64.Build.0 = Release|Any CPU
		{0F3360A2-182E-43E1-ADAC-EC9E54BC96D3}.Debug|Any CPU.ActiveCfg = Debug|x64
		{0F3360A2-182E-43E1-ADAC-EC9E54BC96D3}.Debug|Any CPU.Build.0 = Debug|x64
		{0F3360A2-182E-43E1-ADAC-EC9E54BC96D3}.Debug|x64.ActiveCfg = Debug|x64
		{0F3360A2-182E-43E1-ADAC-EC9E54BC96D3}.Debug|x64.Build.0 = Debug|x64
		{0F3360A2-182E-43E1-ADAC-EC9E54BC96D3}.Release|Any CPU.ActiveCfg = Release|Any CPU
		{0F3360A2-182E-43E1-ADAC-EC9E54BC96D3}.Release|Any CPU.Build.0 = Release|Any CPU
		{0F3360A2-182E-43E1-ADAC-EC9E54BC96D3}.Release|x64.ActiveCfg = Release|Any CPU
		{0F3360A2-182E-43E1-ADAC-EC9E54BC96D3}.Release|x64.Build.0 = Release|Any CPU
		{FE6A4651-E0EC-417A-9884-821CBD361FA8}.Debug|Any CPU.ActiveCfg = Debug|x64
		{FE6A4651-E0EC-417A-9884-821CBD361FA8}.Debug|Any CPU.Build.0 = Debug|x64
		{FE6A4651-E0EC-417A-9884-821CBD361FA8}.Debug|x64.ActiveCfg = Debug|x64
		{FE6A4651-E0EC-417A-9884-821CBD361FA8}.Debug|x64.Build.0 = Debug|x64
		{FE6A4651-E0EC-417A-9884-821CBD361FA8}.Release|Any CPU.ActiveCfg = Release|Any CPU
		{FE6A4651-E0EC-417A-9884-821CBD361FA8}.Release|Any CPU.Build.0 = Release|Any CPU
		{FE6A4651-E0EC-417A-9884-821CBD361FA8}.Release|x64.ActiveCfg = Release|Any CPU
		{FE6A4651-E0EC-417A-9884-821CBD361FA8}.Release|x64.Build.0 = Release|Any CPU
		{5B65D6AB-0165-4954-B3BF-3DDCBBD4CB42}.Debug|Any CPU.ActiveCfg = Debug|x64
		{5B65D6AB-0165-4954-B3BF-3DDCBBD4CB42}.Debug|Any CPU.Build.0 = Debug|x64
		{5B65D6AB-0165-4954-B3BF-3DDCBBD4CB42}.Debug|x64.ActiveCfg = Debug|x64
		{5B65D6AB-0165-4954-B3BF-3DDCBBD4CB42}.Debug|x64.Build.0 = Debug|x64
		{5B65D6AB-0165-4954-B3BF-3DDCBBD4CB42}.Release|Any CPU.ActiveCfg = Release|Any CPU
		{5B65D6AB-0165-4954-B3BF-3DDCBBD4CB42}.Release|Any CPU.Build.0 = Release|Any CPU
		{5B65D6AB-0165-4954-B3BF-3DDCBBD4CB42}.Release|x64.ActiveCfg = Release|Any CPU
		{5B65D6AB-0165-4954-B3BF-3DDCBBD4CB42}.Release|x64.Build.0 = Release|Any CPU
		{CDFF262C-C85D-42F1-8725-8C79666ACF58}.Debug|Any CPU.ActiveCfg = Debug|x64
		{CDFF262C-C85D-42F1-8725-8C79666ACF58}.Debug|Any CPU.Build.0 = Debug|x64
		{CDFF262C-C85D-42F1-8725-8C79666ACF58}.Debug|x64.ActiveCfg = Debug|x64
		{CDFF262C-C85D-42F1-8725-8C79666ACF58}.Debug|x64.Build.0 = Debug|x64
		{CDFF262C-C85D-42F1-8725-8C79666ACF58}.Release|Any CPU.ActiveCfg = Release|Any CPU
		{CDFF262C-C85D-42F1-8725-8C79666ACF58}.Release|Any CPU.Build.0 = Release|Any CPU
		{CDFF262C-C85D-42F1-8725-8C79666ACF58}.Release|x64.ActiveCfg = Release|Any CPU
		{CDFF262C-C85D-42F1-8725-8C79666ACF58}.Release|x64.Build.0 = Release|Any CPU
		{BC993553-9ABF-4355-92E4-D1B98634E1B9}.Debug|Any CPU.ActiveCfg = Debug|x64
		{BC993553-9ABF-4355-92E4-D1B98634E1B9}.Debug|Any CPU.Build.0 = Debug|x64
		{BC993553-9ABF-4355-92E4-D1B98634E1B9}.Debug|x64.ActiveCfg = Debug|x64
		{BC993553-9ABF-4355-92E4-D1B98634E1B9}.Debug|x64.Build.0 = Debug|x64
		{BC993553-9ABF-4355-92E4-D1B98634E1B9}.Release|Any CPU.ActiveCfg = Release|Any CPU
		{BC993553-9ABF-4355-92E4-D1B98634E1B9}.Release|Any CPU.Build.0 = Release|Any CPU
		{BC993553-9ABF-4355-92E4-D1B98634E1B9}.Release|x64.ActiveCfg = Release|Any CPU
		{BC993553-9ABF-4355-92E4-D1B98634E1B9}.Release|x64.Build.0 = Release|Any CPU
		{20FC9F14-C6D7-4923-B9E7-D6B9CDE2A2D5}.Debug|Any CPU.ActiveCfg = Debug|Any CPU
		{20FC9F14-C6D7-4923-B9E7-D6B9CDE2A2D5}.Debug|Any CPU.Build.0 = Debug|Any CPU
		{20FC9F14-C6D7-4923-B9E7-D6B9CDE2A2D5}.Debug|x64.ActiveCfg = Debug|x64
		{20FC9F14-C6D7-4923-B9E7-D6B9CDE2A2D5}.Debug|x64.Build.0 = Debug|x64
		{20FC9F14-C6D7-4923-B9E7-D6B9CDE2A2D5}.Release|Any CPU.ActiveCfg = Release|Any CPU
		{20FC9F14-C6D7-4923-B9E7-D6B9CDE2A2D5}.Release|Any CPU.Build.0 = Release|Any CPU
		{20FC9F14-C6D7-4923-B9E7-D6B9CDE2A2D5}.Release|x64.ActiveCfg = Release|Any CPU
		{20FC9F14-C6D7-4923-B9E7-D6B9CDE2A2D5}.Release|x64.Build.0 = Release|Any CPU
		{635DC237-939B-421E-90E1-3485201FB028}.Debug|Any CPU.ActiveCfg = Debug|Any CPU
		{635DC237-939B-421E-90E1-3485201FB028}.Debug|Any CPU.Build.0 = Debug|Any CPU
		{635DC237-939B-421E-90E1-3485201FB028}.Debug|x64.ActiveCfg = Debug|x64
		{635DC237-939B-421E-90E1-3485201FB028}.Debug|x64.Build.0 = Debug|x64
		{635DC237-939B-421E-90E1-3485201FB028}.Release|Any CPU.ActiveCfg = Release|Any CPU
		{635DC237-939B-421E-90E1-3485201FB028}.Release|Any CPU.Build.0 = Release|Any CPU
		{635DC237-939B-421E-90E1-3485201FB028}.Release|x64.ActiveCfg = Release|Any CPU
		{635DC237-939B-421E-90E1-3485201FB028}.Release|x64.Build.0 = Release|Any CPU
		{659127B5-2B8A-4BFB-9A8A-65C8959B322F}.Debug|Any CPU.ActiveCfg = Debug|x64
		{659127B5-2B8A-4BFB-9A8A-65C8959B322F}.Debug|Any CPU.Build.0 = Debug|x64
		{659127B5-2B8A-4BFB-9A8A-65C8959B322F}.Debug|x64.ActiveCfg = Debug|x64
		{659127B5-2B8A-4BFB-9A8A-65C8959B322F}.Debug|x64.Build.0 = Debug|x64
		{659127B5-2B8A-4BFB-9A8A-65C8959B322F}.Release|Any CPU.ActiveCfg = Release|Any CPU
		{659127B5-2B8A-4BFB-9A8A-65C8959B322F}.Release|Any CPU.Build.0 = Release|Any CPU
		{659127B5-2B8A-4BFB-9A8A-65C8959B322F}.Release|x64.ActiveCfg = Release|Any CPU
		{659127B5-2B8A-4BFB-9A8A-65C8959B322F}.Release|x64.Build.0 = Release|Any CPU
		{00D69051-909C-43C9-B25D-A0D0D993BAFF}.Debug|Any CPU.ActiveCfg = Debug|x64
		{00D69051-909C-43C9-B25D-A0D0D993BAFF}.Debug|Any CPU.Build.0 = Debug|x64
		{00D69051-909C-43C9-B25D-A0D0D993BAFF}.Debug|x64.ActiveCfg = Debug|x64
		{00D69051-909C-43C9-B25D-A0D0D993BAFF}.Debug|x64.Build.0 = Debug|x64
		{00D69051-909C-43C9-B25D-A0D0D993BAFF}.Release|Any CPU.ActiveCfg = Release|Any CPU
		{00D69051-909C-43C9-B25D-A0D0D993BAFF}.Release|Any CPU.Build.0 = Release|Any CPU
		{00D69051-909C-43C9-B25D-A0D0D993BAFF}.Release|x64.ActiveCfg = Release|Any CPU
		{00D69051-909C-43C9-B25D-A0D0D993BAFF}.Release|x64.Build.0 = Release|Any CPU
		{35594A02-9841-4425-9227-9FC5E7007BE2}.Debug|Any CPU.ActiveCfg = Debug|Any CPU
		{35594A02-9841-4425-9227-9FC5E7007BE2}.Debug|Any CPU.Build.0 = Debug|Any CPU
		{35594A02-9841-4425-9227-9FC5E7007BE2}.Debug|x64.ActiveCfg = Debug|x64
		{35594A02-9841-4425-9227-9FC5E7007BE2}.Debug|x64.Build.0 = Debug|x64
		{35594A02-9841-4425-9227-9FC5E7007BE2}.Release|Any CPU.ActiveCfg = Release|Any CPU
		{35594A02-9841-4425-9227-9FC5E7007BE2}.Release|Any CPU.Build.0 = Release|Any CPU
		{35594A02-9841-4425-9227-9FC5E7007BE2}.Release|x64.ActiveCfg = Release|Any CPU
		{35594A02-9841-4425-9227-9FC5E7007BE2}.Release|x64.Build.0 = Release|Any CPU
		{10A3D678-0153-4FA7-91A9-E606092C6EDD}.Debug|Any CPU.ActiveCfg = Debug|Any CPU
		{10A3D678-0153-4FA7-91A9-E606092C6EDD}.Debug|Any CPU.Build.0 = Debug|Any CPU
		{10A3D678-0153-4FA7-91A9-E606092C6EDD}.Debug|x64.ActiveCfg = Debug|x64
		{10A3D678-0153-4FA7-91A9-E606092C6EDD}.Debug|x64.Build.0 = Debug|x64
		{10A3D678-0153-4FA7-91A9-E606092C6EDD}.Release|Any CPU.ActiveCfg = Release|Any CPU
		{10A3D678-0153-4FA7-91A9-E606092C6EDD}.Release|Any CPU.Build.0 = Release|Any CPU
		{10A3D678-0153-4FA7-91A9-E606092C6EDD}.Release|x64.ActiveCfg = Release|Any CPU
		{10A3D678-0153-4FA7-91A9-E606092C6EDD}.Release|x64.Build.0 = Release|Any CPU
		{177D7505-0426-4489-8958-3FBD0AD57361}.Debug|Any CPU.ActiveCfg = Debug|Any CPU
		{177D7505-0426-4489-8958-3FBD0AD57361}.Debug|Any CPU.Build.0 = Debug|Any CPU
		{177D7505-0426-4489-8958-3FBD0AD57361}.Debug|x64.ActiveCfg = Debug|Any CPU
		{177D7505-0426-4489-8958-3FBD0AD57361}.Debug|x64.Build.0 = Debug|Any CPU
		{177D7505-0426-4489-8958-3FBD0AD57361}.Release|Any CPU.ActiveCfg = Release|Any CPU
		{177D7505-0426-4489-8958-3FBD0AD57361}.Release|Any CPU.Build.0 = Release|Any CPU
		{177D7505-0426-4489-8958-3FBD0AD57361}.Release|x64.ActiveCfg = Release|Any CPU
		{177D7505-0426-4489-8958-3FBD0AD57361}.Release|x64.Build.0 = Release|Any CPU
		{BFAA76CC-DA46-4F7B-9719-FACE618197E7}.Debug|Any CPU.ActiveCfg = Debug|Any CPU
		{BFAA76CC-DA46-4F7B-9719-FACE618197E7}.Debug|Any CPU.Build.0 = Debug|Any CPU
		{BFAA76CC-DA46-4F7B-9719-FACE618197E7}.Debug|x64.ActiveCfg = Debug|Any CPU
		{BFAA76CC-DA46-4F7B-9719-FACE618197E7}.Debug|x64.Build.0 = Debug|Any CPU
		{BFAA76CC-DA46-4F7B-9719-FACE618197E7}.Release|Any CPU.ActiveCfg = Release|Any CPU
		{BFAA76CC-DA46-4F7B-9719-FACE618197E7}.Release|Any CPU.Build.0 = Release|Any CPU
		{BFAA76CC-DA46-4F7B-9719-FACE618197E7}.Release|x64.ActiveCfg = Release|Any CPU
		{BFAA76CC-DA46-4F7B-9719-FACE618197E7}.Release|x64.Build.0 = Release|Any CPU
		{A55A138D-263D-4D9C-B58A-19171039F64F}.Debug|Any CPU.ActiveCfg = Debug|Any CPU
		{A55A138D-263D-4D9C-B58A-19171039F64F}.Debug|Any CPU.Build.0 = Debug|Any CPU
		{A55A138D-263D-4D9C-B58A-19171039F64F}.Debug|x64.ActiveCfg = Debug|Any CPU
		{A55A138D-263D-4D9C-B58A-19171039F64F}.Debug|x64.Build.0 = Debug|Any CPU
		{A55A138D-263D-4D9C-B58A-19171039F64F}.Release|Any CPU.ActiveCfg = Release|Any CPU
		{A55A138D-263D-4D9C-B58A-19171039F64F}.Release|Any CPU.Build.0 = Release|Any CPU
		{A55A138D-263D-4D9C-B58A-19171039F64F}.Release|x64.ActiveCfg = Release|Any CPU
		{A55A138D-263D-4D9C-B58A-19171039F64F}.Release|x64.Build.0 = Release|Any CPU
		{E5BD6615-7431-4E76-97FF-36E8DD7FBE09}.Debug|Any CPU.ActiveCfg = Debug|Any CPU
		{E5BD6615-7431-4E76-97FF-36E8DD7FBE09}.Debug|Any CPU.Build.0 = Debug|Any CPU
		{E5BD6615-7431-4E76-97FF-36E8DD7FBE09}.Debug|x64.ActiveCfg = Debug|Any CPU
		{E5BD6615-7431-4E76-97FF-36E8DD7FBE09}.Debug|x64.Build.0 = Debug|Any CPU
		{E5BD6615-7431-4E76-97FF-36E8DD7FBE09}.Release|Any CPU.ActiveCfg = Release|Any CPU
		{E5BD6615-7431-4E76-97FF-36E8DD7FBE09}.Release|Any CPU.Build.0 = Release|Any CPU
		{E5BD6615-7431-4E76-97FF-36E8DD7FBE09}.Release|x64.ActiveCfg = Release|Any CPU
		{E5BD6615-7431-4E76-97FF-36E8DD7FBE09}.Release|x64.Build.0 = Release|Any CPU
		{761DC3C8-8197-4D00-A434-8455EDCD15EA}.Debug|Any CPU.ActiveCfg = Debug|Any CPU
		{761DC3C8-8197-4D00-A434-8455EDCD15EA}.Debug|Any CPU.Build.0 = Debug|Any CPU
		{761DC3C8-8197-4D00-A434-8455EDCD15EA}.Debug|x64.ActiveCfg = Debug|Any CPU
		{761DC3C8-8197-4D00-A434-8455EDCD15EA}.Debug|x64.Build.0 = Debug|Any CPU
		{761DC3C8-8197-4D00-A434-8455EDCD15EA}.Release|Any CPU.ActiveCfg = Release|Any CPU
		{761DC3C8-8197-4D00-A434-8455EDCD15EA}.Release|Any CPU.Build.0 = Release|Any CPU
		{761DC3C8-8197-4D00-A434-8455EDCD15EA}.Release|x64.ActiveCfg = Release|Any CPU
		{761DC3C8-8197-4D00-A434-8455EDCD15EA}.Release|x64.Build.0 = Release|Any CPU
		{26F8CC93-0726-4B8A-B7B5-C8C78D9578AD}.Debug|Any CPU.ActiveCfg = Debug|Any CPU
		{26F8CC93-0726-4B8A-B7B5-C8C78D9578AD}.Debug|Any CPU.Build.0 = Debug|Any CPU
		{26F8CC93-0726-4B8A-B7B5-C8C78D9578AD}.Debug|x64.ActiveCfg = Debug|Any CPU
		{26F8CC93-0726-4B8A-B7B5-C8C78D9578AD}.Debug|x64.Build.0 = Debug|Any CPU
		{26F8CC93-0726-4B8A-B7B5-C8C78D9578AD}.Release|Any CPU.ActiveCfg = Release|Any CPU
		{26F8CC93-0726-4B8A-B7B5-C8C78D9578AD}.Release|Any CPU.Build.0 = Release|Any CPU
		{26F8CC93-0726-4B8A-B7B5-C8C78D9578AD}.Release|x64.ActiveCfg = Release|Any CPU
		{26F8CC93-0726-4B8A-B7B5-C8C78D9578AD}.Release|x64.Build.0 = Release|Any CPU
		{C20B3CB2-425C-4D3A-B270-7FF7C286668F}.Debug|Any CPU.ActiveCfg = Debug|Any CPU
		{C20B3CB2-425C-4D3A-B270-7FF7C286668F}.Debug|Any CPU.Build.0 = Debug|Any CPU
		{C20B3CB2-425C-4D3A-B270-7FF7C286668F}.Debug|x64.ActiveCfg = Debug|Any CPU
		{C20B3CB2-425C-4D3A-B270-7FF7C286668F}.Debug|x64.Build.0 = Debug|Any CPU
		{C20B3CB2-425C-4D3A-B270-7FF7C286668F}.Release|Any CPU.ActiveCfg = Release|Any CPU
		{C20B3CB2-425C-4D3A-B270-7FF7C286668F}.Release|Any CPU.Build.0 = Release|Any CPU
		{C20B3CB2-425C-4D3A-B270-7FF7C286668F}.Release|x64.ActiveCfg = Release|Any CPU
		{C20B3CB2-425C-4D3A-B270-7FF7C286668F}.Release|x64.Build.0 = Release|Any CPU
	EndGlobalSection
	GlobalSection(SolutionProperties) = preSolution
		HideSolutionNode = FALSE
	EndGlobalSection
	GlobalSection(NestedProjects) = preSolution
		{F0D81B0C-7545-4519-8A12-44B512AA0BAB} = {CA8694E4-8F7C-41A5-94A7-31D29240EC18}
		{7FAFD87F-CE4D-469F-9635-64D0550E0CEA} = {6F294679-E3B3-47B7-9AA7-754086CE09EE}
		{0F3360A2-182E-43E1-ADAC-EC9E54BC96D3} = {6F294679-E3B3-47B7-9AA7-754086CE09EE}
		{FE6A4651-E0EC-417A-9884-821CBD361FA8} = {CA8694E4-8F7C-41A5-94A7-31D29240EC18}
		{CDFF262C-C85D-42F1-8725-8C79666ACF58} = {CA8694E4-8F7C-41A5-94A7-31D29240EC18}
		{BC993553-9ABF-4355-92E4-D1B98634E1B9} = {CA8694E4-8F7C-41A5-94A7-31D29240EC18}
		{20FC9F14-C6D7-4923-B9E7-D6B9CDE2A2D5} = {27F4AA67-3423-4CEF-B887-1E241BFE87CE}
		{635DC237-939B-421E-90E1-3485201FB028} = {27F4AA67-3423-4CEF-B887-1E241BFE87CE}
		{659127B5-2B8A-4BFB-9A8A-65C8959B322F} = {0A9F1638-088D-4526-8FE5-EA1969CB3632}
		{00D69051-909C-43C9-B25D-A0D0D993BAFF} = {CA8694E4-8F7C-41A5-94A7-31D29240EC18}
		{35594A02-9841-4425-9227-9FC5E7007BE2} = {27F4AA67-3423-4CEF-B887-1E241BFE87CE}
		{10A3D678-0153-4FA7-91A9-E606092C6EDD} = {27F4AA67-3423-4CEF-B887-1E241BFE87CE}
		{177D7505-0426-4489-8958-3FBD0AD57361} = {0A9F1638-088D-4526-8FE5-EA1969CB3632}
		{BFAA76CC-DA46-4F7B-9719-FACE618197E7} = {27F4AA67-3423-4CEF-B887-1E241BFE87CE}
		{A55A138D-263D-4D9C-B58A-19171039F64F} = {0A9F1638-088D-4526-8FE5-EA1969CB3632}
		{761DC3C8-8197-4D00-A434-8455EDCD15EA} = {43C0369A-4C1D-4941-A3C6-8E00C4BE2C66}
		{26F8CC93-0726-4B8A-B7B5-C8C78D9578AD} = {43C0369A-4C1D-4941-A3C6-8E00C4BE2C66}
		{C20B3CB2-425C-4D3A-B270-7FF7C286668F} = {43C0369A-4C1D-4941-A3C6-8E00C4BE2C66}
	EndGlobalSection
	GlobalSection(ExtensibilityGlobals) = postSolution
		SolutionGuid = {9527C7E5-BE9A-48AB-BFE4-382C6E92922C}
	EndGlobalSection
EndGlobal
