
Microsoft Visual Studio Solution File, Format Version 12.00
# Visual Studio 15
VisualStudioVersion = 15.0.28010.2003
MinimumVisualStudioVersion = 10.0.40219.1
Project("{9A19103F-16F7-4668-BE54-9A1E7A4F7556}") = "Football.Web", "Football.Web\Football.Web.csproj", "{4736E713-DEDF-44BF-AF48-0AD1F3EFAEB7}"
EndProject
Project("{2150E333-8FDC-42A3-9474-1A3956D46DE8}") = "Data", "Data", "{6F294679-E3B3-47B7-9AA7-754086CE09EE}"
EndProject
Project("{2150E333-8FDC-42A3-9474-1A3956D46DE8}") = "Models", "Models", "{CA8694E4-8F7C-41A5-94A7-31D29240EC18}"
EndProject
Project("{9A19103F-16F7-4668-BE54-9A1E7A4F7556}") = "Models.Data", "Models\Models.Data\Models.Data.csproj", "{F0D81B0C-7545-4519-8A12-44B512AA0BAB}"
EndProject
Project("{9A19103F-16F7-4668-BE54-9A1E7A4F7556}") = "Data.Repository", "Data\Data.Repository\Data.Repository.csproj", "{7FAFD87F-CE4D-469F-9635-64D0550E0CEA}"
EndProject
Project("{FAE04EC0-301F-11D3-BF4B-00C04F79EFBC}") = "Data.DataBaseContext", "Data.DataBaseContext\Data.DataBaseContext.csproj", "{0F3360A2-182E-43E1-ADAC-EC9E54BC96D3}"
EndProject
Global
	GlobalSection(SolutionConfigurationPlatforms) = preSolution
		Debug|Any CPU = Debug|Any CPU
		Debug|x64 = Debug|x64
		Release|Any CPU = Release|Any CPU
		Release|x64 = Release|x64
	EndGlobalSection
	GlobalSection(ProjectConfigurationPlatforms) = postSolution
		{4736E713-DEDF-44BF-AF48-0AD1F3EFAEB7}.Debug|Any CPU.ActiveCfg = Debug|Any CPU
		{4736E713-DEDF-44BF-AF48-0AD1F3EFAEB7}.Debug|Any CPU.Build.0 = Debug|Any CPU
		{4736E713-DEDF-44BF-AF48-0AD1F3EFAEB7}.Debug|x64.ActiveCfg = Debug|x64
		{4736E713-DEDF-44BF-AF48-0AD1F3EFAEB7}.Debug|x64.Build.0 = Debug|x64
		{4736E713-DEDF-44BF-AF48-0AD1F3EFAEB7}.Release|Any CPU.ActiveCfg = Release|Any CPU
		{4736E713-DEDF-44BF-AF48-0AD1F3EFAEB7}.Release|Any CPU.Build.0 = Release|Any CPU
		{4736E713-DEDF-44BF-AF48-0AD1F3EFAEB7}.Release|x64.ActiveCfg = Release|x64
		{4736E713-DEDF-44BF-AF48-0AD1F3EFAEB7}.Release|x64.Build.0 = Release|x64
		{F0D81B0C-7545-4519-8A12-44B512AA0BAB}.Debug|Any CPU.ActiveCfg = Debug|Any CPU
		{F0D81B0C-7545-4519-8A12-44B512AA0BAB}.Debug|Any CPU.Build.0 = Debug|Any CPU
		{F0D81B0C-7545-4519-8A12-44B512AA0BAB}.Debug|x64.ActiveCfg = Debug|x64
		{F0D81B0C-7545-4519-8A12-44B512AA0BAB}.Debug|x64.Build.0 = Debug|x64
		{F0D81B0C-7545-4519-8A12-44B512AA0BAB}.Release|Any CPU.ActiveCfg = Release|Any CPU
		{F0D81B0C-7545-4519-8A12-44B512AA0BAB}.Release|Any CPU.Build.0 = Release|Any CPU
		{F0D81B0C-7545-4519-8A12-44B512AA0BAB}.Release|x64.ActiveCfg = Release|x64
		{F0D81B0C-7545-4519-8A12-44B512AA0BAB}.Release|x64.Build.0 = Release|x64
		{7FAFD87F-CE4D-469F-9635-64D0550E0CEA}.Debug|Any CPU.ActiveCfg = Debug|Any CPU
		{7FAFD87F-CE4D-469F-9635-64D0550E0CEA}.Debug|Any CPU.Build.0 = Debug|Any CPU
		{7FAFD87F-CE4D-469F-9635-64D0550E0CEA}.Debug|x64.ActiveCfg = Debug|x64
		{7FAFD87F-CE4D-469F-9635-64D0550E0CEA}.Debug|x64.Build.0 = Debug|x64
		{7FAFD87F-CE4D-469F-9635-64D0550E0CEA}.Release|Any CPU.ActiveCfg = Release|Any CPU
		{7FAFD87F-CE4D-469F-9635-64D0550E0CEA}.Release|Any CPU.Build.0 = Release|Any CPU
		{7FAFD87F-CE4D-469F-9635-64D0550E0CEA}.Release|x64.ActiveCfg = Release|Any CPU
		{7FAFD87F-CE4D-469F-9635-64D0550E0CEA}.Release|x64.Build.0 = Release|Any CPU
		{0F3360A2-182E-43E1-ADAC-EC9E54BC96D3}.Debug|Any CPU.ActiveCfg = Debug|Any CPU
		{0F3360A2-182E-43E1-ADAC-EC9E54BC96D3}.Debug|Any CPU.Build.0 = Debug|Any CPU
		{0F3360A2-182E-43E1-ADAC-EC9E54BC96D3}.Debug|x64.ActiveCfg = Debug|x64
		{0F3360A2-182E-43E1-ADAC-EC9E54BC96D3}.Debug|x64.Build.0 = Debug|x64
		{0F3360A2-182E-43E1-ADAC-EC9E54BC96D3}.Release|Any CPU.ActiveCfg = Release|Any CPU
		{0F3360A2-182E-43E1-ADAC-EC9E54BC96D3}.Release|Any CPU.Build.0 = Release|Any CPU
		{0F3360A2-182E-43E1-ADAC-EC9E54BC96D3}.Release|x64.ActiveCfg = Release|Any CPU
		{0F3360A2-182E-43E1-ADAC-EC9E54BC96D3}.Release|x64.Build.0 = Release|Any CPU
	EndGlobalSection
	GlobalSection(SolutionProperties) = preSolution
		HideSolutionNode = FALSE
	EndGlobalSection
	GlobalSection(NestedProjects) = preSolution
		{F0D81B0C-7545-4519-8A12-44B512AA0BAB} = {CA8694E4-8F7C-41A5-94A7-31D29240EC18}
		{7FAFD87F-CE4D-469F-9635-64D0550E0CEA} = {6F294679-E3B3-47B7-9AA7-754086CE09EE}
		{0F3360A2-182E-43E1-ADAC-EC9E54BC96D3} = {6F294679-E3B3-47B7-9AA7-754086CE09EE}
	EndGlobalSection
	GlobalSection(ExtensibilityGlobals) = postSolution
		SolutionGuid = {9527C7E5-BE9A-48AB-BFE4-382C6E92922C}
	EndGlobalSection
EndGlobal
